
Microsoft Visual Studio Solution File, Format Version 12.00
# Visual Studio 15
VisualStudioVersion = 15.0.27004.2010
MinimumVisualStudioVersion = 10.0.40219.1
Project("{FAE04EC0-301F-11D3-BF4B-00C04F79EFBC}") = "testQuizBazaDanych", "testQuizBazaDanych\testQuizBazaDanych.csproj", "{8612B71F-91AD-42FB-9810-FC34D052170D}"
EndProject
Global
	GlobalSection(SolutionConfigurationPlatforms) = preSolution
		Debug|Any CPU = Debug|Any CPU
		Release|Any CPU = Release|Any CPU
	EndGlobalSection
	GlobalSection(ProjectConfigurationPlatforms) = postSolution
		{8612B71F-91AD-42FB-9810-FC34D052170D}.Debug|Any CPU.ActiveCfg = Debug|Any CPU
		{8612B71F-91AD-42FB-9810-FC34D052170D}.Debug|Any CPU.Build.0 = Debug|Any CPU
		{8612B71F-91AD-42FB-9810-FC34D052170D}.Debug|Any CPU.Deploy.0 = Debug|Any CPU
		{8612B71F-91AD-42FB-9810-FC34D052170D}.Release|Any CPU.ActiveCfg = Release|Any CPU
		{8612B71F-91AD-42FB-9810-FC34D052170D}.Release|Any CPU.Build.0 = Release|Any CPU
		{8612B71F-91AD-42FB-9810-FC34D052170D}.Release|Any CPU.Deploy.0 = Release|Any CPU
	EndGlobalSection
	GlobalSection(SolutionProperties) = preSolution
		HideSolutionNode = FALSE
	EndGlobalSection
	GlobalSection(ExtensibilityGlobals) = postSolution
		SolutionGuid = {52F110B7-F4F2-44D3-B97C-D25C3424F043}
	EndGlobalSection
EndGlobal
